{
  "nodes": {
    "flakeNimbleLib": {
      "inputs": {
        "nixpkgs": [
          "nixpkgs"
        ]
      },
      "locked": {
        "lastModified": 1662018438,
        "narHash": "sha256-QtNtU6+LX3Wokxf0zlFwKTFOcn6TeDjKQZ+DA9OYtvM=",
        "owner": "riinr",
        "repo": "nim-flakes-lib",
        "rev": "b1fe8340736e3a85d25c709ac3dfd82a55c03cbf",
        "type": "github"
      },
      "original": {
        "owner": "riinr",
        "ref": "master",
        "repo": "nim-flakes-lib",
        "type": "github"
      }
    },
    "minhook-main": {
      "inputs": {
        "flakeNimbleLib": [
          "flakeNimbleLib"
        ],
        "nixpkgs": [
          "nixpkgs"
        ],
        "src-minhook-main": "src-minhook-main"
      },
      "locked": {
        "dir": "main",
        "lastModified": 1667322433,
        "narHash": "sha256-F06+V+TAGvBhwcLD8gE16y0TDUTuGNpVJKapmcjtFoE=",
        "owner": "nim-nix-pkgs",
        "repo": "minhook",
        "rev": "2fb5ee9daeed354d252940ef35b0923a3a5e9689",
        "type": "github"
      },
      "original": {
        "dir": "main",
        "owner": "nim-nix-pkgs",
        "ref": "master",
        "repo": "minhook",
        "type": "github"
      }
    },
    "nixpkgs": {
      "locked": {
        "lastModified": 1667199707,
        "narHash": "sha256-I2Js3Y7gUyVSEXPULHlBoRek4Lh85vnevdS6mdvDNLI=",
        "owner": "NixOS",
        "repo": "nixpkgs",
        "rev": "ced197be72099edcfa68ebed8b87af7b04851f45",
        "type": "github"
      },
      "original": {
        "id": "nixpkgs",
        "type": "indirect"
      }
    },
    "root": {
      "inputs": {
        "flakeNimbleLib": "flakeNimbleLib",
        "minhook-main": "minhook-main",
        "nixpkgs": "nixpkgs"
      }
    },
    "src-minhook-main": {
      "flake": false,
      "locked": {
        "lastModified": 1605323633,
        "narHash": "sha256-73VJjZvzI9qfFnuxUwVJln/NZHQjHxy4+CKDmV8pEkE=",
        "owner": "khchen",
        "repo": "minhook",
        "rev": "7c0cfdac09e6b02114741318fe3e3284fc1ac334",
        "type": "github"
      },
      "original": {
        "owner": "khchen",
        "ref": "refs/heads/main",
        "repo": "minhook",
        "type": "github"
      }
    }
  },
  "root": "root",
  "version": 7
}
